github.com/gorilla/mux v1.8.0 h1:i40aqfkR1h2SlN9hojwV5ZA91wcXFOvkdNIeFDP5koI=
github.com/gorilla/mux v1.8.0/go.mod h1:DVbg23sWSpFRCP0SfiEN6jmj59UnW/n46BH5rLB71So=
github.com/gorilla/websocket v1.4.2 h1:+/TMaTYc4QFitKJxsQ7Yye35DkWvkdLcvGKqM+x0Ufc=
github.com/gorilla/websocket v1.4.2/go.mod h1:YR8l580nyteQvAITg2hZ9XVh4b55+EU/adAjf1fMHhE=
github.com/net-agent/mixlisten v1.0.1 h1:6/91PxUF/YcHTRIXeyfPLIyAWVL79Dj+b7B0etKXW5A=
github.com/net-agent/mixlisten v1.0.1/go.mod h1:QLmhQEm+XalWU0bR/91kTrzjta3T4uLMtIDSe2FHTec=
github.com/net-agent/socks v1.0.1 h1:qDzU/G1CtrvdAmgOIGDr4qkBknGYDJXSzfULVT03pQ4=
github.com/net-agent/socks v1.0.1/go.mod h1:eTGyjNpxER5eNWaEJuyOQb+WCuiH9wXWc/USHDAd1yI=
golang.org/x/sys v0.0.0-20210616094352-59db8d763f22 h1:RqytpXGR1iVNX7psjB3ff8y7sNFinVFvkx1c8SjBkio=
golang.org/x/sys v0.0.0-20210616094352-59db8d763f22/go.mod h1:oPkhp1MJrh7nUepCBck5+mAzfO9JrbApNNgaTdGDITg=
